
Microsoft Visual Studio Solution File, Format Version 12.00
# Visual Studio Version 16
VisualStudioVersion = 16.0.30320.27
MinimumVisualStudioVersion = 10.0.40219.1
Project("{FAE04EC0-301F-11D3-BF4B-00C04F79EFBC}") = "YuliYuli", "YuliYuli\YuliYuli.csproj", "{77F62A38-938F-4495-A0CF-76C57C470EE7}"
EndProject
Global
	GlobalSection(SolutionConfigurationPlatforms) = preSolution
		Debug|Any CPU = Debug|Any CPU
		Release|Any CPU = Release|Any CPU
	EndGlobalSection
	GlobalSection(ProjectConfigurationPlatforms) = postSolution
		{77F62A38-938F-4495-A0CF-76C57C470EE7}.Debug|Any CPU.ActiveCfg = Debug|Any CPU
		{77F62A38-938F-4495-A0CF-76C57C470EE7}.Debug|Any CPU.Build.0 = Debug|Any CPU
		{77F62A38-938F-4495-A0CF-76C57C470EE7}.Release|Any CPU.ActiveCfg = Release|Any CPU
		{77F62A38-938F-4495-A0CF-76C57C470EE7}.Release|Any CPU.Build.0 = Release|Any CPU
	EndGlobalSection
	GlobalSection(SolutionProperties) = preSolution
		HideSolutionNode = FALSE
	EndGlobalSection
	GlobalSection(ExtensibilityGlobals) = postSolution
		SolutionGuid = {D57AE921-A50E-4368-B5C1-6FB2B4FF8D80}
	EndGlobalSection
EndGlobal
